
Microsoft Visual Studio Solution File, Format Version 12.00
# Visual Studio Version 17
VisualStudioVersion = 17.8.34511.84
MinimumVisualStudioVersion = 10.0.40219.1
Project("{FAE04EC0-301F-11D3-BF4B-00C04F79EFBC}") = "TestConsoleApp", "SG\TestConsoleApp.csproj", "{CE86787D-C87E-4871-AC0D-B16F60133FA6}"
EndProject
Project("{FAE04EC0-301F-11D3-BF4B-00C04F79EFBC}") = "Generators", "Generators\Generators.csproj", "{F1403D78-9BC5-4992-B5CA-6C0716073C7D}"
EndProject
Global
	GlobalSection(SolutionConfigurationPlatforms) = preSolution
		Debug|Any CPU = Debug|Any CPU
		Release|Any CPU = Release|Any CPU
	EndGlobalSection
	GlobalSection(ProjectConfigurationPlatforms) = postSolution
		{CE86787D-C87E-4871-AC0D-B16F60133FA6}.Debug|Any CPU.ActiveCfg = Debug|Any CPU
		{CE86787D-C87E-4871-AC0D-B16F60133FA6}.Debug|Any CPU.Build.0 = Debug|Any CPU
		{CE86787D-C87E-4871-AC0D-B16F60133FA6}.Release|Any CPU.ActiveCfg = Release|Any CPU
		{CE86787D-C87E-4871-AC0D-B16F60133FA6}.Release|Any CPU.Build.0 = Release|Any CPU
		{F1403D78-9BC5-4992-B5CA-6C0716073C7D}.Debug|Any CPU.ActiveCfg = Debug|Any CPU
		{F1403D78-9BC5-4992-B5CA-6C0716073C7D}.Debug|Any CPU.Build.0 = Debug|Any CPU
		{F1403D78-9BC5-4992-B5CA-6C0716073C7D}.Release|Any CPU.ActiveCfg = Release|Any CPU
		{F1403D78-9BC5-4992-B5CA-6C0716073C7D}.Release|Any CPU.Build.0 = Release|Any CPU
	EndGlobalSection
	GlobalSection(SolutionProperties) = preSolution
		HideSolutionNode = FALSE
	EndGlobalSection
	GlobalSection(ExtensibilityGlobals) = postSolution
		SolutionGuid = {A5AB1B95-B77F-4E3B-8729-A6B33CE50989}
	EndGlobalSection
EndGlobal
